# This file is autogenerated, do not edit; changes may be undone by the next 'dep ensure'.


[[projects]]
  branch = "master"
  digest = "1:f9f3f00078ed7f8f9090af130aaadf30a7ab769841bbde3aa648f1d8c929db6f"
  name = "github.com/confluentinc/cc-system-tests"
  packages = ["trogdor"]
  pruneopts = ""
  revision = "db3777749bd04f80cf71b8990360940d7f9b1ad4"

[[projects]]
  branch = "master"
  digest = "1:8f8ff2e176262125dbe112f83f1776e27ce2631bef9d7b7a269e8320ff0cb800"
  name = "github.com/gopherjs/gopherjs"
  packages = ["js"]
  pruneopts = ""
  revision = "0766667cb4d1cfb8d5fde1fe210ae41ead3cf589"

[[projects]]
  digest = "1:d8ead22d381cfed54d53be7d935eb0f9f2b75889a4fb595802844b805dc13b87"
  name = "github.com/jtolds/gls"
  packages = ["."]
  pruneopts = ""
  revision = "77f18212c9c7edc9bd6a33d383a7b545ce62f064"
  version = "v4.2.1"

[[projects]]
  digest = "1:c686b5040ec4be5005e10020ce3d1d7f888bfae796a039addf7d9071d8776be8"
  name = "github.com/smartystreets/assertions"
  packages = [
    ".",
    "internal/go-render/render",
    "internal/oglematchers",
  ]
  pruneopts = ""
  revision = "7678a5452ebea5b7090a6b163f844c133f523da2"
  version = "1.8.3"

[[projects]]
  digest = "1:dd808f0f1628ff85a1b54424d3e6a61c54a87353d5063b9b5c82ad360f0346d5"
  name = "github.com/smartystreets/goconvey"
  packages = [
    "convey",
    "convey/gotest",
    "convey/reporting",
  ]
  pruneopts = ""
  revision = "9e8dc3f972df6c8fcc0375ef492c24d0bb204857"
  version = "1.6.3"

[solve-meta]
  analyzer-name = "dep"
  analyzer-version = 1
  input-imports = [
    "github.com/confluentinc/cc-system-tests/trogdor",
    "github.com/smartystreets/goconvey/convey",
  ]
  solver-name = "gps-cdcl"
  solver-version = 1
